
Microsoft Visual Studio Solution File, Format Version 12.00
# Visual Studio Version 16
VisualStudioVersion = 16.0.30523.141
MinimumVisualStudioVersion = 10.0.40219.1
Project("{9A19103F-16F7-4668-BE54-9A1E7A4F7556}") = "TrustPower-Item-Booking-Web-App", "TrustPower-Item-Booking-Web-App.csproj", "{17781AF5-B0F7-469A-A20E-3459D4002F64}"
EndProject
Project("{FAE04EC0-301F-11D3-BF4B-00C04F79EFBC}") = "BuissnessLogic", "..\BuissnessLogic\BuissnessLogic.csproj", "{AB091D77-912A-49E2-A9C8-D81955339523}"
EndProject
Global
	GlobalSection(SolutionConfigurationPlatforms) = preSolution
		Debug|Any CPU = Debug|Any CPU
		Release|Any CPU = Release|Any CPU
	EndGlobalSection
	GlobalSection(ProjectConfigurationPlatforms) = postSolution
		{17781AF5-B0F7-469A-A20E-3459D4002F64}.Debug|Any CPU.ActiveCfg = Debug|Any CPU
		{17781AF5-B0F7-469A-A20E-3459D4002F64}.Debug|Any CPU.Build.0 = Debug|Any CPU
		{17781AF5-B0F7-469A-A20E-3459D4002F64}.Release|Any CPU.ActiveCfg = Release|Any CPU
		{17781AF5-B0F7-469A-A20E-3459D4002F64}.Release|Any CPU.Build.0 = Release|Any CPU
		{AB091D77-912A-49E2-A9C8-D81955339523}.Debug|Any CPU.ActiveCfg = Debug|Any CPU
		{AB091D77-912A-49E2-A9C8-D81955339523}.Debug|Any CPU.Build.0 = Debug|Any CPU
		{AB091D77-912A-49E2-A9C8-D81955339523}.Release|Any CPU.ActiveCfg = Release|Any CPU
		{AB091D77-912A-49E2-A9C8-D81955339523}.Release|Any CPU.Build.0 = Release|Any CPU
	EndGlobalSection
	GlobalSection(SolutionProperties) = preSolution
		HideSolutionNode = FALSE
	EndGlobalSection
	GlobalSection(ExtensibilityGlobals) = postSolution
		SolutionGuid = {48CBB795-D9B3-4131-BF17-8A9514B39E8A}
	EndGlobalSection
EndGlobal
